// !$*UTF8*$!
{
	archiveVersion = 1;
	classes = {
	};
	objectVersion = 50;
	objects = {

/* Begin PBXBuildFile section */
		537B03D3211F19C700953516 /* AppDelegate.swift in Sources */ = {isa = PBXBuildFile; fileRef = 537B03D2211F19C700953516 /* AppDelegate.swift */; };
		537B03D5211F19C700953516 /* ViewController.swift in Sources */ = {isa = PBXBuildFile; fileRef = 537B03D4211F19C700953516 /* ViewController.swift */; };
		537B03D8211F19C700953516 /* Main.storyboard in Resources */ = {isa = PBXBuildFile; fileRef = 537B03D6211F19C700953516 /* Main.storyboard */; };
		537B03DB211F19C700953516 /* Jupiter.xcdatamodeld in Sources */ = {isa = PBXBuildFile; fileRef = 537B03D9211F19C700953516 /* Jupiter.xcdatamodeld */; };
		537B03DD211F19CA00953516 /* Assets.xcassets in Resources */ = {isa = PBXBuildFile; fileRef = 537B03DC211F19CA00953516 /* Assets.xcassets */; };
		537B03E0211F19CA00953516 /* LaunchScreen.storyboard in Resources */ = {isa = PBXBuildFile; fileRef = 537B03DE211F19CA00953516 /* LaunchScreen.storyboard */; };
		537B03E9211F1BAB00953516 /* Account.swift in Sources */ = {isa = PBXBuildFile; fileRef = 537B03E8211F1BAB00953516 /* Account.swift */; };
		537B03EB211F209A00953516 /* Company.swift in Sources */ = {isa = PBXBuildFile; fileRef = 537B03EA211F209A00953516 /* Company.swift */; };
		537B03ED211F268F00953516 /* ViewModelProtocol.swift in Sources */ = {isa = PBXBuildFile; fileRef = 537B03EC211F268F00953516 /* ViewModelProtocol.swift */; };
		537B03F0211FC1A200953516 /* AccountData.swift in Sources */ = {isa = PBXBuildFile; fileRef = 537B03EF211FC1A200953516 /* AccountData.swift */; };
/* End PBXBuildFile section */

/* Begin PBXFileReference section */
		537B03CF211F19C700953516 /* Jupiter.app */ = {isa = PBXFileReference; explicitFileType = wrapper.application; includeInIndex = 0; path = Jupiter.app; sourceTree = BUILT_PRODUCTS_DIR; };
		537B03D2211F19C700953516 /* AppDelegate.swift */ = {isa = PBXFileReference; lastKnownFileType = sourcecode.swift; path = AppDelegate.swift; sourceTree = "<group>"; };
		537B03D4211F19C700953516 /* ViewController.swift */ = {isa = PBXFileReference; lastKnownFileType = sourcecode.swift; path = ViewController.swift; sourceTree = "<group>"; };
		537B03D7211F19C700953516 /* Base */ = {isa = PBXFileReference; lastKnownFileType = file.storyboard; name = Base; path = Base.lproj/Main.storyboard; sourceTree = "<group>"; };
		537B03DA211F19C700953516 /* Jupiter.xcdatamodel */ = {isa = PBXFileReference; lastKnownFileType = wrapper.xcdatamodel; path = Jupiter.xcdatamodel; sourceTree = "<group>"; };
		537B03DC211F19CA00953516 /* Assets.xcassets */ = {isa = PBXFileReference; lastKnownFileType = folder.assetcatalog; path = Assets.xcassets; sourceTree = "<group>"; };
		537B03DF211F19CA00953516 /* Base */ = {isa = PBXFileReference; lastKnownFileType = file.storyboard; name = Base; path = Base.lproj/LaunchScreen.storyboard; sourceTree = "<group>"; };
		537B03E1211F19CA00953516 /* Info.plist */ = {isa = PBXFileReference; lastKnownFileType = text.plist.xml; path = Info.plist; sourceTree = "<group>"; };
		537B03E8211F1BAB00953516 /* Account.swift */ = {isa = PBXFileReference; lastKnownFileType = sourcecode.swift; path = Account.swift; sourceTree = "<group>"; };
		537B03EA211F209A00953516 /* Company.swift */ = {isa = PBXFileReference; lastKnownFileType = sourcecode.swift; path = Company.swift; sourceTree = "<group>"; };
		537B03EC211F268F00953516 /* ViewModelProtocol.swift */ = {isa = PBXFileReference; lastKnownFileType = sourcecode.swift; path = ViewModelProtocol.swift; sourceTree = "<group>"; };
		537B03EF211FC1A200953516 /* AccountData.swift */ = {isa = PBXFileReference; lastKnownFileType = sourcecode.swift; path = AccountData.swift; sourceTree = "<group>"; };
/* End PBXFileReference section */

/* Begin PBXFrameworksBuildPhase section */
		537B03CC211F19C700953516 /* Frameworks */ = {
			isa = PBXFrameworksBuildPhase;
			buildActionMask = 2147483647;
			files = (
			);
			runOnlyForDeploymentPostprocessing = 0;
		};
/* End PBXFrameworksBuildPhase section */

/* Begin PBXGroup section */
		537B03C6211F19C700953516 = {
			isa = PBXGroup;
			children = (
				537B03EE211FC18500953516 /* DataModel */,
				537B03E7211F1B5C00953516 /* ViewModel */,
				537B03D1211F19C700953516 /* Jupiter */,
				537B03D0211F19C700953516 /* Products */,
			);
			sourceTree = "<group>";
		};
		537B03D0211F19C700953516 /* Products */ = {
			isa = PBXGroup;
			children = (
				537B03CF211F19C700953516 /* Jupiter.app */,
			);
			name = Products;
			sourceTree = "<group>";
		};
		537B03D1211F19C700953516 /* Jupiter */ = {
			isa = PBXGroup;
			children = (
				537B03D2211F19C700953516 /* AppDelegate.swift */,
				537B03D4211F19C700953516 /* ViewController.swift */,
				537B03D6211F19C700953516 /* Main.storyboard */,
				537B03DC211F19CA00953516 /* Assets.xcassets */,
				537B03DE211F19CA00953516 /* LaunchScreen.storyboard */,
				537B03E1211F19CA00953516 /* Info.plist */,
				537B03D9211F19C700953516 /* Jupiter.xcdatamodeld */,
			);
			path = Jupiter;
			sourceTree = "<group>";
		};
		537B03E7211F1B5C00953516 /* ViewModel */ = {
			isa = PBXGroup;
			children = (
				537B03E8211F1BAB00953516 /* Account.swift */,
				537B03EA211F209A00953516 /* Company.swift */,
				537B03EC211F268F00953516 /* ViewModelProtocol.swift */,
			);
			path = ViewModel;
			sourceTree = "<group>";
		};
		537B03EE211FC18500953516 /* DataModel */ = {
			isa = PBXGroup;
			children = (
				537B03EF211FC1A200953516 /* AccountData.swift */,
			);
			path = DataModel;
			sourceTree = "<group>";
		};
/* End PBXGroup section */

/* Begin PBXNativeTarget section */
		537B03CE211F19C700953516 /* Jupiter */ = {
			isa = PBXNativeTarget;
			buildConfigurationList = 537B03E4211F19CA00953516 /* Build configuration list for PBXNativeTarget "Jupiter" */;
			buildPhases = (
				537B03CB211F19C700953516 /* Sources */,
				537B03CC211F19C700953516 /* Frameworks */,
				537B03CD211F19C700953516 /* Resources */,
			);
			buildRules = (
			);
			dependencies = (
			);
			name = Jupiter;
			productName = Jupiter;
			productReference = 537B03CF211F19C700953516 /* Jupiter.app */;
			productType = "com.apple.product-type.application";
		};
/* End PBXNativeTarget section */

/* Begin PBXProject section */
		537B03C7211F19C700953516 /* Project object */ = {
			isa = PBXProject;
			attributes = {
				LastSwiftUpdateCheck = 0940;
				LastUpgradeCheck = 0940;
				ORGANIZATIONNAME = goldbac;
				TargetAttributes = {
					537B03CE211F19C700953516 = {
						CreatedOnToolsVersion = 9.4.1;
					};
				};
			};
			buildConfigurationList = 537B03CA211F19C700953516 /* Build configuration list for PBXProject "Jupiter" */;
			compatibilityVersion = "Xcode 9.3";
			developmentRegion = en;
			hasScannedForEncodings = 0;
			knownRegions = (
				en,
				Base,
			);
			mainGroup = 537B03C6211F19C700953516;
			productRefGroup = 537B03D0211F19C700953516 /* Products */;
			projectDirPath = "";
			projectRoot = "";
			targets = (
				537B03CE211F19C700953516 /* Jupiter */,
			);
		};
/* End PBXProject section */

/* Begin PBXResourcesBuildPhase section */
		537B03CD211F19C700953516 /* Resources */ = {
			isa = PBXResourcesBuildPhase;
			buildActionMask = 2147483647;
			files = (
				537B03E0211F19CA00953516 /* LaunchScreen.storyboard in Resources */,
				537B03DD211F19CA00953516 /* Assets.xcassets in Resources */,
				537B03D8211F19C700953516 /* Main.storyboard in Resources */,
			);
			runOnlyForDeploymentPostprocessing = 0;
		};
/* End PBXResourcesBuildPhase section */

/* Begin PBXSourcesBuildPhase section */
		537B03CB211F19C700953516 /* Sources */ = {
			isa = PBXSourcesBuildPhase;
			buildActionMask = 2147483647;
			files = (
				537B03DB211F19C700953516 /* Jupiter.xcdatamodeld in Sources */,
				537B03F0211FC1A200953516 /* AccountData.swift in Sources */,
				537B03E9211F1BAB00953516 /* Account.swift in Sources */,
				537B03ED211F268F00953516 /* ViewModelProtocol.swift in Sources */,
				537B03D5211F19C700953516 /* ViewController.swift in Sources */,
				537B03EB211F209A00953516 /* Company.swift in Sources */,
				537B03D3211F19C700953516 /* AppDelegate.swift in Sources */,
			);
			runOnlyForDeploymentPostprocessing = 0;
		};
/* End PBXSourcesBuildPhase section */

/* Begin PBXVariantGroup section */
		537B03D6211F19C700953516 /* Main.storyboard */ = {
			isa = PBXVariantGroup;
			children = (
				537B03D7211F19C700953516 /* Base */,
			);
			name = Main.storyboard;
			sourceTree = "<group>";
		};
		537B03DE211F19CA00953516 /* LaunchScreen.storyboard */ = {
			isa = PBXVariantGroup;
			children = (
				537B03DF211F19CA00953516 /* Base */,
			);
			name = LaunchScreen.storyboard;
			sourceTree = "<group>";
		};
/* End PBXVariantGroup section */

/* Begin XCBuildConfiguration section */
		537B03E2211F19CA00953516 /* Debug */ = {
			isa = XCBuildConfiguration;
			buildSettings = {
				ALWAYS_SEARCH_USER_PATHS = NO;
				CLANG_ANALYZER_NONNULL = YES;
				CLANG_ANALYZER_NUMBER_OBJECT_CONVERSION = YES_AGGRESSIVE;
				CLANG_CXX_LANGUAGE_STANDARD = "gnu++14";
				CLANG_CXX_LIBRARY = "libc++";
				CLANG_ENABLE_MODULES = YES;
				CLANG_ENABLE_OBJC_ARC = YES;
				CLANG_ENABLE_OBJC_WEAK = YES;
				CLANG_WARN_BLOCK_CAPTURE_AUTORELEASING = YES;
				CLANG_WARN_BOOL_CONVERSION = YES;
				CLANG_WARN_COMMA = YES;
				CLANG_WARN_CONSTANT_CONVERSION = YES;
				CLANG_WARN_DEPRECATED_OBJC_IMPLEMENTATIONS = YES;
				CLANG_WARN_DIRECT_OBJC_ISA_USAGE = YES_ERROR;
				CLANG_WARN_DOCUMENTATION_COMMENTS = YES;
				CLANG_WARN_EMPTY_BODY = YES;
				CLANG_WARN_ENUM_CONVERSION = YES;
				CLANG_WARN_INFINITE_RECURSION = YES;
				CLANG_WARN_INT_CONVERSION = YES;
				CLANG_WARN_NON_LITERAL_NULL_CONVERSION = YES;
				CLANG_WARN_OBJC_IMPLICIT_RETAIN_SELF = YES;
				CLANG_WARN_OBJC_LITERAL_CONVERSION = YES;
				CLANG_WARN_OBJC_ROOT_CLASS = YES_ERROR;
				CLANG_WARN_RANGE_LOOP_ANALYSIS = YES;
				CLANG_WARN_STRICT_PROTOTYPES = YES;
				CLANG_WARN_SUSPICIOUS_MOVE = YES;
				CLANG_WARN_UNGUARDED_AVAILABILITY = YES_AGGRESSIVE;
				CLANG_WARN_UNREACHABLE_CODE = YES;
				CLANG_WARN__DUPLICATE_METHOD_MATCH = YES;
				CODE_SIGN_IDENTITY = "iPhone Developer";
				COPY_PHASE_STRIP = NO;
				DEBUG_INFORMATION_FORMAT = dwarf;
				ENABLE_STRICT_OBJC_MSGSEND = YES;
				ENABLE_TESTABILITY = YES;
				GCC_C_LANGUAGE_STANDARD = gnu11;
				GCC_DYNAMIC_NO_PIC = NO;
				GCC_NO_COMMON_BLOCKS = YES;
				GCC_OPTIMIZATION_LEVEL = 0;
				GCC_PREPROCESSOR_DEFINITIONS = (
					"DEBUG=1",
					"$(inherited)",
				);
				GCC_WARN_64_TO_32_BIT_CONVERSION = YES;
				GCC_WARN_ABOUT_RETURN_TYPE = YES_ERROR;
				GCC_WARN_UNDECLARED_SELECTOR = YES;
				GCC_WARN_UNINITIALIZED_AUTOS = YES_AGGRESSIVE;
				GCC_WARN_UNUSED_FUNCTION = YES;
				GCC_WARN_UNUSED_VARIABLE = YES;
				IPHONEOS_DEPLOYMENT_TARGET = 11.4;
				MTL_ENABLE_DEBUG_INFO = YES;
				ONLY_ACTIVE_ARCH = YES;
				SDKROOT = iphoneos;
				SWIFT_ACTIVE_COMPILATION_CONDITIONS = DEBUG;
				SWIFT_OPTIMIZATION_LEVEL = "-Onone";
			};
			name = Debug;
		};
		537B03E3211F19CA00953516 /* Release */ = {
			isa = XCBuildConfiguration;
			buildSettings = {
				ALWAYS_SEARCH_USER_PATHS = NO;
				CLANG_ANALYZER_NONNULL = YES;
				CLANG_ANALYZER_NUMBER_OBJECT_CONVERSION = YES_AGGRESSIVE;
				CLANG_CXX_LANGUAGE_STANDARD = "gnu++14";
				CLANG_CXX_LIBRARY = "libc++";
				CLANG_ENABLE_MODULES = YES;
				CLANG_ENABLE_OBJC_ARC = YES;
				CLANG_ENABLE_OBJC_WEAK = YES;
				CLANG_WARN_BLOCK_CAPTURE_AUTORELEASING = YES;
				CLANG_WARN_BOOL_CONVERSION = YES;
				CLANG_WARN_COMMA = YES;
				CLANG_WARN_CONSTANT_CONVERSION = YES;
				CLANG_WARN_DEPRECATED_OBJC_IMPLEMENTATIONS = YES;
				CLANG_WARN_DIRECT_OBJC_ISA_USAGE = YES_ERROR;
				CLANG_WARN_DOCUMENTATION_COMMENTS = YES;
				CLANG_WARN_EMPTY_BODY = YES;
				CLANG_WARN_ENUM_CONVERSION = YES;
				CLANG_WARN_INFINITE_RECURSION = YES;
				CLANG_WARN_INT_CONVERSION = YES;
				CLANG_WARN_NON_LITERAL_NULL_CONVERSION = YES;
				CLANG_WARN_OBJC_IMPLICIT_RETAIN_SELF = YES;
				CLANG_WARN_OBJC_LITERAL_CONVERSION = YES;
				CLANG_WARN_OBJC_ROOT_CLASS = YES_ERROR;
				CLANG_WARN_RANGE_LOOP_ANALYSIS = YES;
				CLANG_WARN_STRICT_PROTOTYPES = YES;
				CLANG_WARN_SUSPICIOUS_MOVE = YES;
				CLANG_WARN_UNGUARDED_AVAILABILITY = YES_AGGRESSIVE;
				CLANG_WARN_UNREACHABLE_CODE = YES;
				CLANG_WARN__DUPLICATE_METHOD_MATCH = YES;
				CODE_SIGN_IDENTITY = "iPhone Developer";
				COPY_PHASE_STRIP = NO;
				DEBUG_INFORMATION_FORMAT = "dwarf-with-dsym";
				ENABLE_NS_ASSERTIONS = NO;
				ENABLE_STRICT_OBJC_MSGSEND = YES;
				GCC_C_LANGUAGE_STANDARD = gnu11;
				GCC_NO_COMMON_BLOCKS = YES;
				GCC_WARN_64_TO_32_BIT_CONVERSION = YES;
				GCC_WARN_ABOUT_RETURN_TYPE = YES_ERROR;
				GCC_WARN_UNDECLARED_SELECTOR = YES;
				GCC_WARN_UNINITIALIZED_AUTOS = YES_AGGRESSIVE;
				GCC_WARN_UNUSED_FUNCTION = YES;
				GCC_WARN_UNUSED_VARIABLE = YES;
				IPHONEOS_DEPLOYMENT_TARGET = 11.4;
				MTL_ENABLE_DEBUG_INFO = NO;
				SDKROOT = iphoneos;
				SWIFT_COMPILATION_MODE = wholemodule;
				SWIFT_OPTIMIZATION_LEVEL = "-O";
				VALIDATE_PRODUCT = YES;
			};
			name = Release;
		};
		537B03E5211F19CA00953516 /* Debug */ = {
			isa = XCBuildConfiguration;
			buildSettings = {
				ASSETCATALOG_COMPILER_APPICON_NAME = AppIcon;
				CODE_SIGN_STYLE = Automatic;
				DEVELOPMENT_TEAM = 5SVZMKX9MU;
				INFOPLIST_FILE = Jupiter/Info.plist;
				LD_RUNPATH_SEARCH_PATHS = (
					"$(inherited)",
					"@executable_path/Frameworks",
				);
				PRODUCT_BUNDLE_IDENTIFIER = goldbac.Jupiter;
				PRODUCT_NAME = "$(TARGET_NAME)";
				SWIFT_VERSION = 4.0;
				TARGETED_DEVICE_FAMILY = "1,2";
			};
			name = Debug;
		};
		537B03E6211F19CA00953516 /* Release */ = {
			isa = XCBuildConfiguration;
			buildSettings = {
				ASSETCATALOG_COMPILER_APPICON_NAME = AppIcon;
				CODE_SIGN_STYLE = Automatic;
				DEVELOPMENT_TEAM = 5SVZMKX9MU;
				INFOPLIST_FILE = Jupiter/Info.plist;
				LD_RUNPATH_SEARCH_PATHS = (
					"$(inherited)",
					"@executable_path/Frameworks",
				);
				PRODUCT_BUNDLE_IDENTIFIER = goldbac.Jupiter;
				PRODUCT_NAME = "$(TARGET_NAME)";
				SWIFT_VERSION = 4.0;
				TARGETED_DEVICE_FAMILY = "1,2";
			};
			name = Release;
		};
/* End XCBuildConfiguration section */

/* Begin XCConfigurationList section */
		537B03CA211F19C700953516 /* Build configuration list for PBXProject "Jupiter" */ = {
			isa = XCConfigurationList;
			buildConfigurations = (
				537B03E2211F19CA00953516 /* Debug */,
				537B03E3211F19CA00953516 /* Release */,
			);
			defaultConfigurationIsVisible = 0;
			defaultConfigurationName = Release;
		};
		537B03E4211F19CA00953516 /* Build configuration list for PBXNativeTarget "Jupiter" */ = {
			isa = XCConfigurationList;
			buildConfigurations = (
				537B03E5211F19CA00953516 /* Debug */,
				537B03E6211F19CA00953516 /* Release */,
			);
			defaultConfigurationIsVisible = 0;
			defaultConfigurationName = Release;
		};
/* End XCConfigurationList section */

/* Begin XCVersionGroup section */
		537B03D9211F19C700953516 /* Jupiter.xcdatamodeld */ = {
			isa = XCVersionGroup;
			children = (
				537B03DA211F19C700953516 /* Jupiter.xcdatamodel */,
			);
			currentVersion = 537B03DA211F19C700953516 /* Jupiter.xcdatamodel */;
			path = Jupiter.xcdatamodeld;
			sourceTree = "<group>";
			versionGroupType = wrapper.xcdatamodel;
		};
/* End XCVersionGroup section */
	};
	rootObject = 537B03C7211F19C700953516 /* Project object */;
}
